
Microsoft Visual Studio Solution File, Format Version 12.00
# Visual Studio Version 16
VisualStudioVersion = 16.0.30611.23
MinimumVisualStudioVersion = 10.0.40219.1
Project("{FAE04EC0-301F-11D3-BF4B-00C04F79EFBC}") = "WindowsFileBackup", "WindowsFileBackup\WindowsFileBackup.csproj", "{877A7644-E37B-487C-8B92-929D9EE25532}"
EndProject
Global
	GlobalSection(SolutionConfigurationPlatforms) = preSolution
		Debug|Any CPU = Debug|Any CPU
		Release|Any CPU = Release|Any CPU
	EndGlobalSection
	GlobalSection(ProjectConfigurationPlatforms) = postSolution
		{877A7644-E37B-487C-8B92-929D9EE25532}.Debug|Any CPU.ActiveCfg = Debug|Any CPU
		{877A7644-E37B-487C-8B92-929D9EE25532}.Debug|Any CPU.Build.0 = Debug|Any CPU
		{877A7644-E37B-487C-8B92-929D9EE25532}.Release|Any CPU.ActiveCfg = Release|Any CPU
		{877A7644-E37B-487C-8B92-929D9EE25532}.Release|Any CPU.Build.0 = Release|Any CPU
	EndGlobalSection
	GlobalSection(SolutionProperties) = preSolution
		HideSolutionNode = FALSE
	EndGlobalSection
	GlobalSection(ExtensibilityGlobals) = postSolution
		SolutionGuid = {B6163F6D-924D-4944-B811-9728FCB1F64B}
	EndGlobalSection
EndGlobal
